Microsoft Visual Studio Solution File, Format Version 8.00
#
# $Id: VC71WorkspaceCreator.pm 1456 2008-07-18 16:05:54Z elliott_c $
#
# This file was generated by MPC.  Any changes made directly to
# this file will be lost the next time it is generated.
#
# MPC Command:
# /export/anduriltmp/bczar/DOC_ROOT/stage-17314/ACE_wrappers/bin/mwc.pl -type vc71 -static -name_modifier "*_vc71_Static" -apply_project -exclude TAO/CIAO -recurse -hierarchy -relative ACE_ROOT=/export/anduriltmp/bczar/DOC_ROOT/stage-17314/ACE_wrappers -relative TAO_ROOT=/export/anduriltmp/bczar/DOC_ROOT/stage-17314/ACE_wrappers/TAO -relative CIAO_ROOT=/export/anduriltmp/bczar/DOC_ROOT/stage-17314/ACE_wrappers/TAO/CIAO -relative DANCE_ROOT=/export/anduriltmp/bczar/DOC_ROOT/stage-17314/ACE_wrappers/TAO/CIAO/DAnCE
Project("{8BC9CEB8-8B4A-11D0-8D11-00A0C91BC942}") = "Misc_Basic_Perf_vc71_Static", "Misc\Misc_Basic_Perf_vc71_Static.vcproj", "{AD300BFD-FECA-1BAD-BE51-8A6726D9507B}"
	ProjectSection(ProjectDependencies) = postProject
	EndProjectSection
EndProject
Project("{8BC9CEB8-8B4A-11D0-8D11-00A0C91BC942}") = "Misc_Childbirth_Time_vc71_Static", "Misc\Misc_Childbirth_Time_vc71_Static.vcproj", "{4E9AD4C6-FECA-1BAD-BE51-8A6726D9507B}"
	ProjectSection(ProjectDependencies) = postProject
	EndProjectSection
EndProject
Project("{8BC9CEB8-8B4A-11D0-8D11-00A0C91BC942}") = "Misc_Context_Switch_Time_vc71_Static", "Misc\Misc_Context_Switch_Time_vc71_Static.vcproj", "{8E436122-FECA-1BAD-BE51-8A6726D9507B}"
	ProjectSection(ProjectDependencies) = postProject
	EndProjectSection
EndProject
Project("{8BC9CEB8-8B4A-11D0-8D11-00A0C91BC942}") = "Misc_Preempt_vc71_Static", "Misc\Misc_Preempt_vc71_Static.vcproj", "{25E220C1-FECA-1BAD-BE51-8A6726D9507B}"
	ProjectSection(ProjectDependencies) = postProject
	EndProjectSection
EndProject
Project("{8BC9CEB8-8B4A-11D0-8D11-00A0C91BC942}") = "Misc_Test_Mutex_vc71_Static", "Misc\Misc_Test_Mutex_vc71_Static.vcproj", "{A920AA10-FECA-1BAD-BE51-8A6726D9507B}"
	ProjectSection(ProjectDependencies) = postProject
	EndProjectSection
EndProject
Project("{8BC9CEB8-8B4A-11D0-8D11-00A0C91BC942}") = "Misc_Test_Naming_vc71_Static", "Misc\Misc_Test_Naming_vc71_Static.vcproj", "{4C7A70E8-FECA-1BAD-BE51-8A6726D9507B}"
	ProjectSection(ProjectDependencies) = postProject
	EndProjectSection
EndProject
Project("{8BC9CEB8-8B4A-11D0-8D11-00A0C91BC942}") = "Misc_Test_Singleton_vc71_Static", "Misc\Misc_Test_Singleton_vc71_Static.vcproj", "{DF2DE396-FECA-1BAD-BE51-8A6726D9507B}"
	ProjectSection(ProjectDependencies) = postProject
	EndProjectSection
EndProject
Project("{8BC9CEB8-8B4A-11D0-8D11-00A0C91BC942}") = "SCTP_SOCK_SEQPACK_Association_Test_vc71_Static", "SCTP\SCTP_SOCK_SEQPACK_Association_Test_vc71_Static.vcproj", "{54251535-FECA-1BAD-7612-8A6626D89838}"
	ProjectSection(ProjectDependencies) = postProject
	EndProjectSection
EndProject
Project("{8BC9CEB8-8B4A-11D0-8D11-00A0C91BC942}") = "SCTP_SOCK_SEQPACK_Clt_vc71_Static", "SCTP\SCTP_SOCK_SEQPACK_Clt_vc71_Static.vcproj", "{2A9EA950-FECA-1BAD-7612-8A6626D89838}"
	ProjectSection(ProjectDependencies) = postProject
	EndProjectSection
EndProject
Project("{8BC9CEB8-8B4A-11D0-8D11-00A0C91BC942}") = "SCTP_SOCK_SEQPACK_Srv_vc71_Static", "SCTP\SCTP_SOCK_SEQPACK_Srv_vc71_Static.vcproj", "{2B808950-FECA-1BAD-7612-8A6626D89838}"
	ProjectSection(ProjectDependencies) = postProject
	EndProjectSection
EndProject
Project("{8BC9CEB8-8B4A-11D0-8D11-00A0C91BC942}") = "SCTP_SOCK_STREAM_Clt_vc71_Static", "SCTP\SCTP_SOCK_STREAM_Clt_vc71_Static.vcproj", "{FF3C06DB-FECA-1BAD-7612-8A6626D89838}"
	ProjectSection(ProjectDependencies) = postProject
	EndProjectSection
EndProject
Project("{8BC9CEB8-8B4A-11D0-8D11-00A0C91BC942}") = "SCTP_SOCK_STREAM_Srv_vc71_Static", "SCTP\SCTP_SOCK_STREAM_Srv_vc71_Static.vcproj", "{FE2226DB-FECA-1BAD-7612-8A6626D89838}"
	ProjectSection(ProjectDependencies) = postProject
	EndProjectSection
EndProject
Project("{8BC9CEB8-8B4A-11D0-8D11-00A0C91BC942}") = "Svr_Conc_Leader_Follower_RT_CORBA_vc71_Static", "Server_Concurrency\Leader_Follower\Svr_Conc_Leader_Follower_RT_CORBA_vc71_Static.vcproj", "{DD194F48-FECA-1BAD-FAD8-788589C8F636}"
	ProjectSection(ProjectDependencies) = postProject
	EndProjectSection
EndProject
Project("{8BC9CEB8-8B4A-11D0-8D11-00A0C91BC942}") = "Svr_Conc_Leader_Follower_vc71_Static", "Server_Concurrency\Leader_Follower\Svr_Conc_Leader_Follower_vc71_Static.vcproj", "{320DA59B-FECA-1BAD-FAD8-788589C8F636}"
	ProjectSection(ProjectDependencies) = postProject
	EndProjectSection
EndProject
Project("{8BC9CEB8-8B4A-11D0-8D11-00A0C91BC942}") = "Svr_Conc_Queue_Based_Workers_RTCorba_vc71_Static", "Server_Concurrency\Queue_Based_Workers\Svr_Conc_Queue_Based_Workers_RTCorba_vc71_Static.vcproj", "{30E6FC4E-FECA-1BAD-5029-42D0C45F2B05}"
	ProjectSection(ProjectDependencies) = postProject
	EndProjectSection
EndProject
Project("{8BC9CEB8-8B4A-11D0-8D11-00A0C91BC942}") = "Svr_Conc_Queue_Based_Workers_vc71_Static", "Server_Concurrency\Queue_Based_Workers\Svr_Conc_Queue_Based_Workers_vc71_Static.vcproj", "{68A2B63E-FECA-1BAD-5029-42D0C45F2B05}"
	ProjectSection(ProjectDependencies) = postProject
	EndProjectSection
EndProject
Project("{8BC9CEB8-8B4A-11D0-8D11-00A0C91BC942}") = "Synch_Benchmarks_Base_Test_vc71_Static", "Synch-Benchmarks\Base_Test\Synch_Benchmarks_Base_Test_vc71_Static.vcproj", "{0783AA0E-FECA-1BAD-A238-81D623E178D4}"
	ProjectSection(ProjectDependencies) = postProject
	EndProjectSection
EndProject
Project("{8BC9CEB8-8B4A-11D0-8D11-00A0C91BC942}") = "Synch_Benchmarks_Perf_Test_vc71_Static", "Synch-Benchmarks\Perf_Test\Synch_Benchmarks_Perf_Test_vc71_Static.vcproj", "{07828E1D-FECA-1BAD-A22A-C0E662D178C6}"
	ProjectSection(ProjectDependencies) = postProject
	EndProjectSection
EndProject
Project("{8BC9CEB8-8B4A-11D0-8D11-00A0C91BC942}") = "Synch_Benchmarks_vc71_Static", "Synch-Benchmarks\Synch_Benchmarks_vc71_Static.vcproj", "{B6585613-FECA-1BAD-BF87-400D2446EB58}"
	ProjectSection(ProjectDependencies) = postProject
		{860A6530-FECA-1BAD-3A9E-1C81BEB6E072} = {860A6530-FECA-1BAD-3A9E-1C81BEB6E072}
	EndProjectSection
EndProject
Project("{8BC9CEB8-8B4A-11D0-8D11-00A0C91BC942}") = "Synch_Lib_vc71_Static", "Synch-Benchmarks\Synch_Lib\Synch_Lib_vc71_Static.vcproj", "{860A6530-FECA-1BAD-3A9E-1C81BEB6E072}"
	ProjectSection(ProjectDependencies) = postProject
	EndProjectSection
EndProject
Project("{8BC9CEB8-8B4A-11D0-8D11-00A0C91BC942}") = "TCP_vc71_Static", "TCP\TCP_vc71_Static.vcproj", "{58A60AB5-FECA-1BAD-5062-8A63826D8E82}"
	ProjectSection(ProjectDependencies) = postProject
	EndProjectSection
EndProject
Project("{8BC9CEB8-8B4A-11D0-8D11-00A0C91BC942}") = "UDP_vc71_Static", "UDP\UDP_vc71_Static.vcproj", "{58B10AB5-FECA-1BAD-5112-8A63826D8FF2}"
	ProjectSection(ProjectDependencies) = postProject
	EndProjectSection
EndProject
Global
	GlobalSection(SolutionConfiguration) = preSolution
		Debug = Debug
		Release = Release
	EndGlobalSection
	GlobalSection(ProjectConfiguration) = postSolution
		{AD300BFD-FECA-1BAD-BE51-8A6726D9507B}.Debug.ActiveCfg = Debug|Win32
		{AD300BFD-FECA-1BAD-BE51-8A6726D9507B}.Debug.Build.0 = Debug|Win32
		{AD300BFD-FECA-1BAD-BE51-8A6726D9507B}.Release.ActiveCfg = Release|Win32
		{AD300BFD-FECA-1BAD-BE51-8A6726D9507B}.Release.Build.0 = Release|Win32
		{4E9AD4C6-FECA-1BAD-BE51-8A6726D9507B}.Debug.ActiveCfg = Debug|Win32
		{4E9AD4C6-FECA-1BAD-BE51-8A6726D9507B}.Debug.Build.0 = Debug|Win32
		{4E9AD4C6-FECA-1BAD-BE51-8A6726D9507B}.Release.ActiveCfg = Release|Win32
		{4E9AD4C6-FECA-1BAD-BE51-8A6726D9507B}.Release.Build.0 = Release|Win32
		{8E436122-FECA-1BAD-BE51-8A6726D9507B}.Debug.ActiveCfg = Debug|Win32
		{8E436122-FECA-1BAD-BE51-8A6726D9507B}.Debug.Build.0 = Debug|Win32
		{8E436122-FECA-1BAD-BE51-8A6726D9507B}.Release.ActiveCfg = Release|Win32
		{8E436122-FECA-1BAD-BE51-8A6726D9507B}.Release.Build.0 = Release|Win32
		{25E220C1-FECA-1BAD-BE51-8A6726D9507B}.Debug.ActiveCfg = Debug|Win32
		{25E220C1-FECA-1BAD-BE51-8A6726D9507B}.Debug.Build.0 = Debug|Win32
		{25E220C1-FECA-1BAD-BE51-8A6726D9507B}.Release.ActiveCfg = Release|Win32
		{25E220C1-FECA-1BAD-BE51-8A6726D9507B}.Release.Build.0 = Release|Win32
		{A920AA10-FECA-1BAD-BE51-8A6726D9507B}.Debug.ActiveCfg = Debug|Win32
		{A920AA10-FECA-1BAD-BE51-8A6726D9507B}.Debug.Build.0 = Debug|Win32
		{A920AA10-FECA-1BAD-BE51-8A6726D9507B}.Release.ActiveCfg = Release|Win32
		{A920AA10-FECA-1BAD-BE51-8A6726D9507B}.Release.Build.0 = Release|Win32
		{4C7A70E8-FECA-1BAD-BE51-8A6726D9507B}.Debug.ActiveCfg = Debug|Win32
		{4C7A70E8-FECA-1BAD-BE51-8A6726D9507B}.Debug.Build.0 = Debug|Win32
		{4C7A70E8-FECA-1BAD-BE51-8A6726D9507B}.Release.ActiveCfg = Release|Win32
		{4C7A70E8-FECA-1BAD-BE51-8A6726D9507B}.Release.Build.0 = Release|Win32
		{DF2DE396-FECA-1BAD-BE51-8A6726D9507B}.Debug.ActiveCfg = Debug|Win32
		{DF2DE396-FECA-1BAD-BE51-8A6726D9507B}.Debug.Build.0 = Debug|Win32
		{DF2DE396-FECA-1BAD-BE51-8A6726D9507B}.Release.ActiveCfg = Release|Win32
		{DF2DE396-FECA-1BAD-BE51-8A6726D9507B}.Release.Build.0 = Release|Win32
		{54251535-FECA-1BAD-7612-8A6626D89838}.Debug.ActiveCfg = Debug|Win32
		{54251535-FECA-1BAD-7612-8A6626D89838}.Debug.Build.0 = Debug|Win32
		{54251535-FECA-1BAD-7612-8A6626D89838}.Release.ActiveCfg = Release|Win32
		{54251535-FECA-1BAD-7612-8A6626D89838}.Release.Build.0 = Release|Win32
		{2A9EA950-FECA-1BAD-7612-8A6626D89838}.Debug.ActiveCfg = Debug|Win32
		{2A9EA950-FECA-1BAD-7612-8A6626D89838}.Debug.Build.0 = Debug|Win32
		{2A9EA950-FECA-1BAD-7612-8A6626D89838}.Release.ActiveCfg = Release|Win32
		{2A9EA950-FECA-1BAD-7612-8A6626D89838}.Release.Build.0 = Release|Win32
		{2B808950-FECA-1BAD-7612-8A6626D89838}.Debug.ActiveCfg = Debug|Win32
		{2B808950-FECA-1BAD-7612-8A6626D89838}.Debug.Build.0 = Debug|Win32
		{2B808950-FECA-1BAD-7612-8A6626D89838}.Release.ActiveCfg = Release|Win32
		{2B808950-FECA-1BAD-7612-8A6626D89838}.Release.Build.0 = Release|Win32
		{FF3C06DB-FECA-1BAD-7612-8A6626D89838}.Debug.ActiveCfg = Debug|Win32
		{FF3C06DB-FECA-1BAD-7612-8A6626D89838}.Debug.Build.0 = Debug|Win32
		{FF3C06DB-FECA-1BAD-7612-8A6626D89838}.Release.ActiveCfg = Release|Win32
		{FF3C06DB-FECA-1BAD-7612-8A6626D89838}.Release.Build.0 = Release|Win32
		{FE2226DB-FECA-1BAD-7612-8A6626D89838}.Debug.ActiveCfg = Debug|Win32
		{FE2226DB-FECA-1BAD-7612-8A6626D89838}.Debug.Build.0 = Debug|Win32
		{FE2226DB-FECA-1BAD-7612-8A6626D89838}.Release.ActiveCfg = Release|Win32
		{FE2226DB-FECA-1BAD-7612-8A6626D89838}.Release.Build.0 = Release|Win32
		{DD194F48-FECA-1BAD-FAD8-788589C8F636}.Debug.ActiveCfg = Debug|Win32
		{DD194F48-FECA-1BAD-FAD8-788589C8F636}.Debug.Build.0 = Debug|Win32
		{DD194F48-FECA-1BAD-FAD8-788589C8F636}.Release.ActiveCfg = Release|Win32
		{DD194F48-FECA-1BAD-FAD8-788589C8F636}.Release.Build.0 = Release|Win32
		{320DA59B-FECA-1BAD-FAD8-788589C8F636}.Debug.ActiveCfg = Debug|Win32
		{320DA59B-FECA-1BAD-FAD8-788589C8F636}.Debug.Build.0 = Debug|Win32
		{320DA59B-FECA-1BAD-FAD8-788589C8F636}.Release.ActiveCfg = Release|Win32
		{320DA59B-FECA-1BAD-FAD8-788589C8F636}.Release.Build.0 = Release|Win32
		{30E6FC4E-FECA-1BAD-5029-42D0C45F2B05}.Debug.ActiveCfg = Debug|Win32
		{30E6FC4E-FECA-1BAD-5029-42D0C45F2B05}.Debug.Build.0 = Debug|Win32
		{30E6FC4E-FECA-1BAD-5029-42D0C45F2B05}.Release.ActiveCfg = Release|Win32
		{30E6FC4E-FECA-1BAD-5029-42D0C45F2B05}.Release.Build.0 = Release|Win32
		{68A2B63E-FECA-1BAD-5029-42D0C45F2B05}.Debug.ActiveCfg = Debug|Win32
		{68A2B63E-FECA-1BAD-5029-42D0C45F2B05}.Debug.Build.0 = Debug|Win32
		{68A2B63E-FECA-1BAD-5029-42D0C45F2B05}.Release.ActiveCfg = Release|Win32
		{68A2B63E-FECA-1BAD-5029-42D0C45F2B05}.Release.Build.0 = Release|Win32
		{0783AA0E-FECA-1BAD-A238-81D623E178D4}.Debug.ActiveCfg = Debug|Win32
		{0783AA0E-FECA-1BAD-A238-81D623E178D4}.Debug.Build.0 = Debug|Win32
		{0783AA0E-FECA-1BAD-A238-81D623E178D4}.Release.ActiveCfg = Release|Win32
		{0783AA0E-FECA-1BAD-A238-81D623E178D4}.Release.Build.0 = Release|Win32
		{07828E1D-FECA-1BAD-A22A-C0E662D178C6}.Debug.ActiveCfg = Debug|Win32
		{07828E1D-FECA-1BAD-A22A-C0E662D178C6}.Debug.Build.0 = Debug|Win32
		{07828E1D-FECA-1BAD-A22A-C0E662D178C6}.Release.ActiveCfg = Release|Win32
		{07828E1D-FECA-1BAD-A22A-C0E662D178C6}.Release.Build.0 = Release|Win32
		{B6585613-FECA-1BAD-BF87-400D2446EB58}.Debug.ActiveCfg = Debug|Win32
		{B6585613-FECA-1BAD-BF87-400D2446EB58}.Debug.Build.0 = Debug|Win32
		{B6585613-FECA-1BAD-BF87-400D2446EB58}.Release.ActiveCfg = Release|Win32
		{B6585613-FECA-1BAD-BF87-400D2446EB58}.Release.Build.0 = Release|Win32
		{860A6530-FECA-1BAD-3A9E-1C81BEB6E072}.Debug.ActiveCfg = Debug|Win32
		{860A6530-FECA-1BAD-3A9E-1C81BEB6E072}.Debug.Build.0 = Debug|Win32
		{860A6530-FECA-1BAD-3A9E-1C81BEB6E072}.Release.ActiveCfg = Release|Win32
		{860A6530-FECA-1BAD-3A9E-1C81BEB6E072}.Release.Build.0 = Release|Win32
		{58A60AB5-FECA-1BAD-5062-8A63826D8E82}.Debug.ActiveCfg = Debug|Win32
		{58A60AB5-FECA-1BAD-5062-8A63826D8E82}.Debug.Build.0 = Debug|Win32
		{58A60AB5-FECA-1BAD-5062-8A63826D8E82}.Release.ActiveCfg = Release|Win32
		{58A60AB5-FECA-1BAD-5062-8A63826D8E82}.Release.Build.0 = Release|Win32
		{58B10AB5-FECA-1BAD-5112-8A63826D8FF2}.Debug.ActiveCfg = Debug|Win32
		{58B10AB5-FECA-1BAD-5112-8A63826D8FF2}.Debug.Build.0 = Debug|Win32
		{58B10AB5-FECA-1BAD-5112-8A63826D8FF2}.Release.ActiveCfg = Release|Win32
		{58B10AB5-FECA-1BAD-5112-8A63826D8FF2}.Release.Build.0 = Release|Win32
	EndGlobalSection
	GlobalSection(ExtensibilityGlobals) = postSolution
	EndGlobalSection
	GlobalSection(ExtensibilityAddIns) = postSolution
	EndGlobalSection
EndGlobal
