<?xml version="1.0" encoding="utf-8"?>
<Project ToolsVersion="4.0" xmlns="http://schemas.microsoft.com/developer/msbuild/2003">
  <ItemGroup>
    <Filter Include="Source Files">
      <UniqueIdentifier>{c16a13b3-89ec-4145-83f9-09d93f5a8fe7}</UniqueIdentifier>
      <Extensions>cpp;c;cxx;rc;def;r;odl;idl;hpj;bat</Extensions>
    </Filter>
    <Filter Include="Resource Files">
      <UniqueIdentifier>{4281eea1-b1ae-407f-aba9-96f51c0a5b80}</UniqueIdentifier>
      <Extensions>ico;cur;bmp;dlg;rc2;rct;bin;rgs;gif;jpg;jpeg;jpe</Extensions>
    </Filter>
    <Filter Include="Header Files">
      <UniqueIdentifier>{d8702fb6-4b62-4d21-8f3d-60e2ec359869}</UniqueIdentifier>
      <Extensions>h;hpp;hxx;hm;inl</Extensions>
    </Filter>
    <Filter Include="资源文件">
      <UniqueIdentifier>{f0e599e5-0a4e-4329-9eca-71b0b099cef3}</UniqueIdentifier>
    </Filter>
  </ItemGroup>
  <ItemGroup>
    <ClCompile Include="bigroomd.cpp">
      <Filter>Source Files</Filter>
    </ClCompile>
    <ClCompile Include="BigRoomServer.cpp">
      <Filter>Source Files</Filter>
    </ClCompile>
    <ClCompile Include="option.cpp">
      <Filter>Source Files</Filter>
    </ClCompile>
    <ClCompile Include="Room.cpp">
      <Filter>Source Files</Filter>
    </ClCompile>
    <ClCompile Include="RoomManager.cpp">
      <Filter>Source Files</Filter>
    </ClCompile>
    <ClCompile Include="..\roomcomm\RoomPacketRecv.cpp">
      <Filter>Source Files</Filter>
    </ClCompile>
    <ClCompile Include="User.cpp">
      <Filter>Source Files</Filter>
    </ClCompile>
    <ClCompile Include="UserManager.cpp">
      <Filter>Source Files</Filter>
    </ClCompile>
    <ClCompile Include="dbAccess.cpp">
      <Filter>Source Files</Filter>
    </ClCompile>
    <ClCompile Include="AwardBase.cpp">
      <Filter>Source Files</Filter>
    </ClCompile>
    <ClCompile Include="ppcAward.cpp">
      <Filter>Source Files</Filter>
    </ClCompile>
    <ClCompile Include="beanstalkMsg.cpp">
      <Filter>Source Files</Filter>
    </ClCompile>
    <ClCompile Include="..\tools\common.cpp">
      <Filter>Source Files</Filter>
    </ClCompile>
    <ClCompile Include="..\tools\performance.cpp">
      <Filter>Source Files</Filter>
    </ClCompile>
    <ClCompile Include="..\tools\kafkaProducter.cpp">
      <Filter>Source Files</Filter>
    </ClCompile>
    <ClCompile Include="kafkalog.cpp">
      <Filter>Source Files</Filter>
    </ClCompile>
  </ItemGroup>
  <ItemGroup>
    <None Include="Makefile.am" />
    <None Include="..\..\binRun\server\ppc.xml" />
    <None Include="..\..\binRun\server\ppcmsg.xml" />
    <None Include="..\..\common\dbproxy\leleDB.thrift">
      <Filter>资源文件</Filter>
    </None>
  </ItemGroup>
  <ItemGroup>
    <ClInclude Include="bigroomdef.h">
      <Filter>Header Files</Filter>
    </ClInclude>
    <ClInclude Include="BigRoomServer.h">
      <Filter>Header Files</Filter>
    </ClInclude>
    <ClInclude Include="option.h">
      <Filter>Header Files</Filter>
    </ClInclude>
    <ClInclude Include="Room.h">
      <Filter>Header Files</Filter>
    </ClInclude>
    <ClInclude Include="RoomManager.h">
      <Filter>Header Files</Filter>
    </ClInclude>
    <ClInclude Include="..\roomcomm\RoomPacketRecv.h">
      <Filter>Header Files</Filter>
    </ClInclude>
    <ClInclude Include="User.h">
      <Filter>Header Files</Filter>
    </ClInclude>
    <ClInclude Include="UserManager.h">
      <Filter>Header Files</Filter>
    </ClInclude>
    <ClInclude Include="..\..\common\room\RoomCmdDef.h">
      <Filter>Header Files</Filter>
    </ClInclude>
    <ClInclude Include="..\..\common\room\RoomCommon.h">
      <Filter>Header Files</Filter>
    </ClInclude>
    <ClInclude Include="dbAccess.h">
      <Filter>Header Files</Filter>
    </ClInclude>
    <ClInclude Include="AwardBase.h">
      <Filter>Header Files</Filter>
    </ClInclude>
    <ClInclude Include="ppcAward.h">
      <Filter>Header Files</Filter>
    </ClInclude>
    <ClInclude Include="beanstalkdef.h">
      <Filter>Header Files</Filter>
    </ClInclude>
    <ClInclude Include="beanstalkMsg.h">
      <Filter>Header Files</Filter>
    </ClInclude>
    <ClInclude Include="..\tools\common.h">
      <Filter>Header Files</Filter>
    </ClInclude>
    <ClInclude Include="..\tools\performance.h">
      <Filter>Header Files</Filter>
    </ClInclude>
    <ClInclude Include="..\tools\Singleton.h">
      <Filter>Header Files</Filter>
    </ClInclude>
    <ClInclude Include="..\tools\kafkaProducter.h">
      <Filter>Header Files</Filter>
    </ClInclude>
    <ClInclude Include="kafkalog.h">
      <Filter>Header Files</Filter>
    </ClInclude>
  </ItemGroup>
</Project>