
Microsoft Visual Studio Solution File, Format Version 9.00
# Visual Studio 2005
# $Id: VC8WorkspaceCreator.pm 1456 2008-07-18 16:05:54Z elliott_c $
#
# This file was generated by MPC.  Any changes made directly to
# this file will be lost the next time it is generated.
#
# MPC Command:
# /export/anduriltmp/bczar/DOC_ROOT/stage-17314/ACE_wrappers/bin/mwc.pl -type vc8 -recurse -hierarchy -relative ACE_ROOT=/export/anduriltmp/bczar/DOC_ROOT/stage-17314/ACE_wrappers -relative TAO_ROOT=/export/anduriltmp/bczar/DOC_ROOT/stage-17314/ACE_wrappers/TAO -relative CIAO_ROOT=/export/anduriltmp/bczar/DOC_ROOT/stage-17314/ACE_wrappers/TAO/CIAO -relative DANCE_ROOT=/export/anduriltmp/bczar/DOC_ROOT/stage-17314/ACE_wrappers/TAO/CIAO/DAnCE -name_modifier "*_vc8"
Project("{8BC9CEB8-8B4A-11D0-8D11-00A0C91BC942}") = "Gateway", "Gateway\Gateway\Gateway_vc8.vcproj", "{8B12B88C-FECA-1BAD-216B-EB018ED342A7}"
EndProject
Project("{8BC9CEB8-8B4A-11D0-8D11-00A0C91BC942}") = "gatewayd", "Gateway\Gateway\gatewayd_vc8.vcproj", "{886B0DF8-FECA-1BAD-216B-EB018ED342A7}"
	ProjectSection(ProjectDependencies) = postProject
		{8B12B88C-FECA-1BAD-216B-EB018ED342A7} = {8B12B88C-FECA-1BAD-216B-EB018ED342A7}
	EndProjectSection
EndProject
Project("{8BC9CEB8-8B4A-11D0-8D11-00A0C91BC942}") = "Gateway_Peer", "Gateway\Peer\Gateway_Peer_vc8.vcproj", "{4E542DF6-FECA-1BAD-6320-8A643CE99834}"
EndProject
Project("{8BC9CEB8-8B4A-11D0-8D11-00A0C91BC942}") = "gateway_peerd", "Gateway\Peer\gateway_peerd_vc8.vcproj", "{DC027A54-FECA-1BAD-6320-8A643CE99834}"
	ProjectSection(ProjectDependencies) = postProject
		{4E542DF6-FECA-1BAD-6320-8A643CE99834} = {4E542DF6-FECA-1BAD-6320-8A643CE99834}
	EndProjectSection
EndProject
Project("{8BC9CEB8-8B4A-11D0-8D11-00A0C91BC942}") = "blobby", "JAWS\clients\Blobby\blobby_vc8.vcproj", "{0041BCFE-FECA-1BAD-945B-8C2940B5575B}"
EndProject
Project("{8BC9CEB8-8B4A-11D0-8D11-00A0C91BC942}") = "http_client", "JAWS\clients\Caching\http_client_vc8.vcproj", "{00CE590F-FECA-1BAD-EF85-EF160A89DFA3}"
EndProject
Project("{8BC9CEB8-8B4A-11D0-8D11-00A0C91BC942}") = "JAWS_server", "JAWS\server\JAWS_server_vc8.vcproj", "{88E22A1F-FECA-1BAD-5020-8D315AF760B3}"
	ProjectSection(ProjectDependencies) = postProject
		{E7461C9A-FECA-1BAD-5020-8D315AF760B3} = {E7461C9A-FECA-1BAD-5020-8D315AF760B3}
	EndProjectSection
EndProject
Project("{8BC9CEB8-8B4A-11D0-8D11-00A0C91BC942}") = "JAWS", "JAWS\server\JAWS_vc8.vcproj", "{E7461C9A-FECA-1BAD-5020-8D315AF760B3}"
EndProject
Project("{8BC9CEB8-8B4A-11D0-8D11-00A0C91BC942}") = "HTTPU", "JAWS2\HTTPU\HTTPU_vc8.vcproj", "{78117C9E-FECA-1BAD-3377-8A0C421821C4}"
	ProjectSection(ProjectDependencies) = postProject
		{4D240C9E-FECA-1BAD-6000-8A0F1421B72A} = {4D240C9E-FECA-1BAD-6000-8A0F1421B72A}
	EndProjectSection
EndProject
Project("{8BC9CEB8-8B4A-11D0-8D11-00A0C91BC942}") = "JAWS2", "JAWS2\JAWS\JAWS2_vc8.vcproj", "{4D240C9E-FECA-1BAD-6000-8A0F1421B72A}"
EndProject
Project("{8BC9CEB8-8B4A-11D0-8D11-00A0C91BC942}") = "JAWS3_server", "JAWS3\jaws3\JAWS3_server_vc8.vcproj", "{C2440A1F-FECA-1BAD-6001-8A0F43395092}"
	ProjectSection(ProjectDependencies) = postProject
		{4D241C9E-FECA-1BAD-6001-8A0F43395092} = {4D241C9E-FECA-1BAD-6001-8A0F43395092}
	EndProjectSection
EndProject
Project("{8BC9CEB8-8B4A-11D0-8D11-00A0C91BC942}") = "JAWS3", "JAWS3\jaws3\JAWS3_vc8.vcproj", "{4D241C9E-FECA-1BAD-6001-8A0F43395092}"
EndProject
Project("{8BC9CEB8-8B4A-11D0-8D11-00A0C91BC942}") = "gperf_docs", "gperf\gperf_docs_vc8.vcproj", "{3BF07ED9-FECA-1BAD-6223-DAF3A51EB104}"
EndProject
Project("{8BC9CEB8-8B4A-11D0-8D11-00A0C91BC942}") = "ACE_gperf", "gperf\src\ACE_gperf_vc8.vcproj", "{AF241B93-FECA-1BAD-6244-8A03B106215D}"
EndProject
Project("{8BC9CEB8-8B4A-11D0-8D11-00A0C91BC942}") = "gperf", "gperf\src\gperf_vc8.vcproj", "{AF204C9C-FECA-1BAD-6244-8A03B106215D}"
	ProjectSection(ProjectDependencies) = postProject
		{AF241B93-FECA-1BAD-6244-8A03B106215D} = {AF241B93-FECA-1BAD-6244-8A03B106215D}
	EndProjectSection
EndProject
Project("{8BC9CEB8-8B4A-11D0-8D11-00A0C91BC942}") = "adainset", "gperf\tests\adainset_vc8.vcproj", "{50560BBD-FECA-1BAD-2431-8A1106273A82}"
	ProjectSection(ProjectDependencies) = postProject
		{AF204C9C-FECA-1BAD-6244-8A03B106215D} = {AF204C9C-FECA-1BAD-6244-8A03B106215D}
	EndProjectSection
EndProject
Project("{8BC9CEB8-8B4A-11D0-8D11-00A0C91BC942}") = "cinset", "gperf\tests\cinset_vc8.vcproj", "{50566CFF-FECA-1BAD-2431-8A1106273A82}"
	ProjectSection(ProjectDependencies) = postProject
		{AF204C9C-FECA-1BAD-6244-8A03B106215D} = {AF204C9C-FECA-1BAD-6244-8A03B106215D}
	EndProjectSection
EndProject
Project("{8BC9CEB8-8B4A-11D0-8D11-00A0C91BC942}") = "cppinset", "gperf\tests\cppinset_vc8.vcproj", "{505608EC-FECA-1BAD-2431-8A1106273A82}"
	ProjectSection(ProjectDependencies) = postProject
		{AF204C9C-FECA-1BAD-6244-8A03B106215D} = {AF204C9C-FECA-1BAD-6244-8A03B106215D}
	EndProjectSection
EndProject
Project("{8BC9CEB8-8B4A-11D0-8D11-00A0C91BC942}") = "iinset2", "gperf\tests\iinset2_vc8.vcproj", "{3C230A65-FECA-1BAD-2431-8A1106273A82}"
	ProjectSection(ProjectDependencies) = postProject
		{AF204C9C-FECA-1BAD-6244-8A03B106215D} = {AF204C9C-FECA-1BAD-6244-8A03B106215D}
		{50566CF5-FECA-1BAD-2431-8A1106273A82} = {50566CF5-FECA-1BAD-2431-8A1106273A82}
	EndProjectSection
EndProject
Project("{8BC9CEB8-8B4A-11D0-8D11-00A0C91BC942}") = "iinset", "gperf\tests\iinset_vc8.vcproj", "{50566CF5-FECA-1BAD-2431-8A1106273A82}"
	ProjectSection(ProjectDependencies) = postProject
		{AF204C9C-FECA-1BAD-6244-8A03B106215D} = {AF204C9C-FECA-1BAD-6244-8A03B106215D}
	EndProjectSection
EndProject
Project("{8BC9CEB8-8B4A-11D0-8D11-00A0C91BC942}") = "m3inset", "gperf\tests\m3inset_vc8.vcproj", "{50566A7F-FECA-1BAD-2431-8A1106273A82}"
	ProjectSection(ProjectDependencies) = postProject
		{AF204C9C-FECA-1BAD-6244-8A03B106215D} = {AF204C9C-FECA-1BAD-6244-8A03B106215D}
	EndProjectSection
EndProject
Project("{8BC9CEB8-8B4A-11D0-8D11-00A0C91BC942}") = "pinset", "gperf\tests\pinset_vc8.vcproj", "{50566CEC-FECA-1BAD-2431-8A1106273A82}"
	ProjectSection(ProjectDependencies) = postProject
		{AF204C9C-FECA-1BAD-6244-8A03B106215D} = {AF204C9C-FECA-1BAD-6244-8A03B106215D}
	EndProjectSection
EndProject
Project("{8BC9CEB8-8B4A-11D0-8D11-00A0C91BC942}") = "preinset", "gperf\tests\preinset_vc8.vcproj", "{50561BD9-FECA-1BAD-2431-8A1106273A82}"
	ProjectSection(ProjectDependencies) = postProject
		{AF204C9C-FECA-1BAD-6244-8A03B106215D} = {AF204C9C-FECA-1BAD-6244-8A03B106215D}
	EndProjectSection
EndProject
Project("{8BC9CEB8-8B4A-11D0-8D11-00A0C91BC942}") = "taoinset", "gperf\tests\taoinset_vc8.vcproj", "{50561EE3-FECA-1BAD-2431-8A1106273A82}"
	ProjectSection(ProjectDependencies) = postProject
		{AF204C9C-FECA-1BAD-6244-8A03B106215D} = {AF204C9C-FECA-1BAD-6244-8A03B106215D}
	EndProjectSection
EndProject
Project("{8BC9CEB8-8B4A-11D0-8D11-00A0C91BC942}") = "tinset", "gperf\tests\tinset_vc8.vcproj", "{50566CE8-FECA-1BAD-2431-8A1106273A82}"
	ProjectSection(ProjectDependencies) = postProject
		{AF204C9C-FECA-1BAD-6244-8A03B106215D} = {AF204C9C-FECA-1BAD-6244-8A03B106215D}
	EndProjectSection
EndProject
Project("{8BC9CEB8-8B4A-11D0-8D11-00A0C91BC942}") = "mkcsregdb", "mkcsregdb\mkcsregdb_vc8.vcproj", "{EA10B1DE-FECA-1BAD-314B-5E2707069437}"
EndProject
Project("{8BC9CEB8-8B4A-11D0-8D11-00A0C91BC942}") = "soreduce", "soreduce\soreduce_vc8.vcproj", "{9A31091E-FECA-1BAD-3350-D220B5771905}"
EndProject
Global
	GlobalSection(SolutionConfigurationPlatforms) = preSolution
		Debug|Win32 = Debug|Win32
		Debug|x64 = Debug|x64
		Release|Win32 = Release|Win32
		Release|x64 = Release|x64
	EndGlobalSection
	GlobalSection(ProjectConfigurationPlatforms) = postSolution
		{8B12B88C-FECA-1BAD-216B-EB018ED342A7}.Debug|Win32.ActiveCfg = Debug|Win32
		{8B12B88C-FECA-1BAD-216B-EB018ED342A7}.Debug|Win32.Build.0 = Debug|Win32
		{8B12B88C-FECA-1BAD-216B-EB018ED342A7}.Debug|x64.ActiveCfg = Debug|x64
		{8B12B88C-FECA-1BAD-216B-EB018ED342A7}.Debug|x64.Build.0 = Debug|x64
		{8B12B88C-FECA-1BAD-216B-EB018ED342A7}.Release|Win32.ActiveCfg = Release|Win32
		{8B12B88C-FECA-1BAD-216B-EB018ED342A7}.Release|Win32.Build.0 = Release|Win32
		{8B12B88C-FECA-1BAD-216B-EB018ED342A7}.Release|x64.ActiveCfg = Release|x64
		{8B12B88C-FECA-1BAD-216B-EB018ED342A7}.Release|x64.Build.0 = Release|x64
		{886B0DF8-FECA-1BAD-216B-EB018ED342A7}.Debug|Win32.ActiveCfg = Debug|Win32
		{886B0DF8-FECA-1BAD-216B-EB018ED342A7}.Debug|Win32.Build.0 = Debug|Win32
		{886B0DF8-FECA-1BAD-216B-EB018ED342A7}.Debug|x64.ActiveCfg = Debug|x64
		{886B0DF8-FECA-1BAD-216B-EB018ED342A7}.Debug|x64.Build.0 = Debug|x64
		{886B0DF8-FECA-1BAD-216B-EB018ED342A7}.Release|Win32.ActiveCfg = Release|Win32
		{886B0DF8-FECA-1BAD-216B-EB018ED342A7}.Release|Win32.Build.0 = Release|Win32
		{886B0DF8-FECA-1BAD-216B-EB018ED342A7}.Release|x64.ActiveCfg = Release|x64
		{886B0DF8-FECA-1BAD-216B-EB018ED342A7}.Release|x64.Build.0 = Release|x64
		{4E542DF6-FECA-1BAD-6320-8A643CE99834}.Debug|Win32.ActiveCfg = Debug|Win32
		{4E542DF6-FECA-1BAD-6320-8A643CE99834}.Debug|Win32.Build.0 = Debug|Win32
		{4E542DF6-FECA-1BAD-6320-8A643CE99834}.Debug|x64.ActiveCfg = Debug|x64
		{4E542DF6-FECA-1BAD-6320-8A643CE99834}.Debug|x64.Build.0 = Debug|x64
		{4E542DF6-FECA-1BAD-6320-8A643CE99834}.Release|Win32.ActiveCfg = Release|Win32
		{4E542DF6-FECA-1BAD-6320-8A643CE99834}.Release|Win32.Build.0 = Release|Win32
		{4E542DF6-FECA-1BAD-6320-8A643CE99834}.Release|x64.ActiveCfg = Release|x64
		{4E542DF6-FECA-1BAD-6320-8A643CE99834}.Release|x64.Build.0 = Release|x64
		{DC027A54-FECA-1BAD-6320-8A643CE99834}.Debug|Win32.ActiveCfg = Debug|Win32
		{DC027A54-FECA-1BAD-6320-8A643CE99834}.Debug|Win32.Build.0 = Debug|Win32
		{DC027A54-FECA-1BAD-6320-8A643CE99834}.Debug|x64.ActiveCfg = Debug|x64
		{DC027A54-FECA-1BAD-6320-8A643CE99834}.Debug|x64.Build.0 = Debug|x64
		{DC027A54-FECA-1BAD-6320-8A643CE99834}.Release|Win32.ActiveCfg = Release|Win32
		{DC027A54-FECA-1BAD-6320-8A643CE99834}.Release|Win32.Build.0 = Release|Win32
		{DC027A54-FECA-1BAD-6320-8A643CE99834}.Release|x64.ActiveCfg = Release|x64
		{DC027A54-FECA-1BAD-6320-8A643CE99834}.Release|x64.Build.0 = Release|x64
		{0041BCFE-FECA-1BAD-945B-8C2940B5575B}.Debug|Win32.ActiveCfg = Debug|Win32
		{0041BCFE-FECA-1BAD-945B-8C2940B5575B}.Debug|Win32.Build.0 = Debug|Win32
		{0041BCFE-FECA-1BAD-945B-8C2940B5575B}.Debug|x64.ActiveCfg = Debug|x64
		{0041BCFE-FECA-1BAD-945B-8C2940B5575B}.Debug|x64.Build.0 = Debug|x64
		{0041BCFE-FECA-1BAD-945B-8C2940B5575B}.Release|Win32.ActiveCfg = Release|Win32
		{0041BCFE-FECA-1BAD-945B-8C2940B5575B}.Release|Win32.Build.0 = Release|Win32
		{0041BCFE-FECA-1BAD-945B-8C2940B5575B}.Release|x64.ActiveCfg = Release|x64
		{0041BCFE-FECA-1BAD-945B-8C2940B5575B}.Release|x64.Build.0 = Release|x64
		{00CE590F-FECA-1BAD-EF85-EF160A89DFA3}.Debug|Win32.ActiveCfg = Debug|Win32
		{00CE590F-FECA-1BAD-EF85-EF160A89DFA3}.Debug|Win32.Build.0 = Debug|Win32
		{00CE590F-FECA-1BAD-EF85-EF160A89DFA3}.Debug|x64.ActiveCfg = Debug|x64
		{00CE590F-FECA-1BAD-EF85-EF160A89DFA3}.Debug|x64.Build.0 = Debug|x64
		{00CE590F-FECA-1BAD-EF85-EF160A89DFA3}.Release|Win32.ActiveCfg = Release|Win32
		{00CE590F-FECA-1BAD-EF85-EF160A89DFA3}.Release|Win32.Build.0 = Release|Win32
		{00CE590F-FECA-1BAD-EF85-EF160A89DFA3}.Release|x64.ActiveCfg = Release|x64
		{00CE590F-FECA-1BAD-EF85-EF160A89DFA3}.Release|x64.Build.0 = Release|x64
		{88E22A1F-FECA-1BAD-5020-8D315AF760B3}.Debug|Win32.ActiveCfg = Debug|Win32
		{88E22A1F-FECA-1BAD-5020-8D315AF760B3}.Debug|Win32.Build.0 = Debug|Win32
		{88E22A1F-FECA-1BAD-5020-8D315AF760B3}.Debug|x64.ActiveCfg = Debug|x64
		{88E22A1F-FECA-1BAD-5020-8D315AF760B3}.Debug|x64.Build.0 = Debug|x64
		{88E22A1F-FECA-1BAD-5020-8D315AF760B3}.Release|Win32.ActiveCfg = Release|Win32
		{88E22A1F-FECA-1BAD-5020-8D315AF760B3}.Release|Win32.Build.0 = Release|Win32
		{88E22A1F-FECA-1BAD-5020-8D315AF760B3}.Release|x64.ActiveCfg = Release|x64
		{88E22A1F-FECA-1BAD-5020-8D315AF760B3}.Release|x64.Build.0 = Release|x64
		{E7461C9A-FECA-1BAD-5020-8D315AF760B3}.Debug|Win32.ActiveCfg = Debug|Win32
		{E7461C9A-FECA-1BAD-5020-8D315AF760B3}.Debug|Win32.Build.0 = Debug|Win32
		{E7461C9A-FECA-1BAD-5020-8D315AF760B3}.Debug|x64.ActiveCfg = Debug|x64
		{E7461C9A-FECA-1BAD-5020-8D315AF760B3}.Debug|x64.Build.0 = Debug|x64
		{E7461C9A-FECA-1BAD-5020-8D315AF760B3}.Release|Win32.ActiveCfg = Release|Win32
		{E7461C9A-FECA-1BAD-5020-8D315AF760B3}.Release|Win32.Build.0 = Release|Win32
		{E7461C9A-FECA-1BAD-5020-8D315AF760B3}.Release|x64.ActiveCfg = Release|x64
		{E7461C9A-FECA-1BAD-5020-8D315AF760B3}.Release|x64.Build.0 = Release|x64
		{78117C9E-FECA-1BAD-3377-8A0C421821C4}.Debug|Win32.ActiveCfg = Debug|Win32
		{78117C9E-FECA-1BAD-3377-8A0C421821C4}.Debug|Win32.Build.0 = Debug|Win32
		{78117C9E-FECA-1BAD-3377-8A0C421821C4}.Debug|x64.ActiveCfg = Debug|x64
		{78117C9E-FECA-1BAD-3377-8A0C421821C4}.Debug|x64.Build.0 = Debug|x64
		{78117C9E-FECA-1BAD-3377-8A0C421821C4}.Release|Win32.ActiveCfg = Release|Win32
		{78117C9E-FECA-1BAD-3377-8A0C421821C4}.Release|Win32.Build.0 = Release|Win32
		{78117C9E-FECA-1BAD-3377-8A0C421821C4}.Release|x64.ActiveCfg = Release|x64
		{78117C9E-FECA-1BAD-3377-8A0C421821C4}.Release|x64.Build.0 = Release|x64
		{4D240C9E-FECA-1BAD-6000-8A0F1421B72A}.Debug|Win32.ActiveCfg = Debug|Win32
		{4D240C9E-FECA-1BAD-6000-8A0F1421B72A}.Debug|Win32.Build.0 = Debug|Win32
		{4D240C9E-FECA-1BAD-6000-8A0F1421B72A}.Debug|x64.ActiveCfg = Debug|x64
		{4D240C9E-FECA-1BAD-6000-8A0F1421B72A}.Debug|x64.Build.0 = Debug|x64
		{4D240C9E-FECA-1BAD-6000-8A0F1421B72A}.Release|Win32.ActiveCfg = Release|Win32
		{4D240C9E-FECA-1BAD-6000-8A0F1421B72A}.Release|Win32.Build.0 = Release|Win32
		{4D240C9E-FECA-1BAD-6000-8A0F1421B72A}.Release|x64.ActiveCfg = Release|x64
		{4D240C9E-FECA-1BAD-6000-8A0F1421B72A}.Release|x64.Build.0 = Release|x64
		{C2440A1F-FECA-1BAD-6001-8A0F43395092}.Debug|Win32.ActiveCfg = Debug|Win32
		{C2440A1F-FECA-1BAD-6001-8A0F43395092}.Debug|Win32.Build.0 = Debug|Win32
		{C2440A1F-FECA-1BAD-6001-8A0F43395092}.Debug|x64.ActiveCfg = Debug|x64
		{C2440A1F-FECA-1BAD-6001-8A0F43395092}.Debug|x64.Build.0 = Debug|x64
		{C2440A1F-FECA-1BAD-6001-8A0F43395092}.Release|Win32.ActiveCfg = Release|Win32
		{C2440A1F-FECA-1BAD-6001-8A0F43395092}.Release|Win32.Build.0 = Release|Win32
		{C2440A1F-FECA-1BAD-6001-8A0F43395092}.Release|x64.ActiveCfg = Release|x64
		{C2440A1F-FECA-1BAD-6001-8A0F43395092}.Release|x64.Build.0 = Release|x64
		{4D241C9E-FECA-1BAD-6001-8A0F43395092}.Debug|Win32.ActiveCfg = Debug|Win32
		{4D241C9E-FECA-1BAD-6001-8A0F43395092}.Debug|Win32.Build.0 = Debug|Win32
		{4D241C9E-FECA-1BAD-6001-8A0F43395092}.Debug|x64.ActiveCfg = Debug|x64
		{4D241C9E-FECA-1BAD-6001-8A0F43395092}.Debug|x64.Build.0 = Debug|x64
		{4D241C9E-FECA-1BAD-6001-8A0F43395092}.Release|Win32.ActiveCfg = Release|Win32
		{4D241C9E-FECA-1BAD-6001-8A0F43395092}.Release|Win32.Build.0 = Release|Win32
		{4D241C9E-FECA-1BAD-6001-8A0F43395092}.Release|x64.ActiveCfg = Release|x64
		{4D241C9E-FECA-1BAD-6001-8A0F43395092}.Release|x64.Build.0 = Release|x64
		{3BF07ED9-FECA-1BAD-6223-DAF3A51EB104}.Debug|Win32.ActiveCfg = Debug|Win32
		{3BF07ED9-FECA-1BAD-6223-DAF3A51EB104}.Debug|Win32.Build.0 = Debug|Win32
		{3BF07ED9-FECA-1BAD-6223-DAF3A51EB104}.Debug|x64.ActiveCfg = Debug|x64
		{3BF07ED9-FECA-1BAD-6223-DAF3A51EB104}.Debug|x64.Build.0 = Debug|x64
		{3BF07ED9-FECA-1BAD-6223-DAF3A51EB104}.Release|Win32.ActiveCfg = Release|Win32
		{3BF07ED9-FECA-1BAD-6223-DAF3A51EB104}.Release|Win32.Build.0 = Release|Win32
		{3BF07ED9-FECA-1BAD-6223-DAF3A51EB104}.Release|x64.ActiveCfg = Release|x64
		{3BF07ED9-FECA-1BAD-6223-DAF3A51EB104}.Release|x64.Build.0 = Release|x64
		{AF241B93-FECA-1BAD-6244-8A03B106215D}.Debug|Win32.ActiveCfg = Debug|Win32
		{AF241B93-FECA-1BAD-6244-8A03B106215D}.Debug|Win32.Build.0 = Debug|Win32
		{AF241B93-FECA-1BAD-6244-8A03B106215D}.Debug|x64.ActiveCfg = Debug|x64
		{AF241B93-FECA-1BAD-6244-8A03B106215D}.Debug|x64.Build.0 = Debug|x64
		{AF241B93-FECA-1BAD-6244-8A03B106215D}.Release|Win32.ActiveCfg = Release|Win32
		{AF241B93-FECA-1BAD-6244-8A03B106215D}.Release|Win32.Build.0 = Release|Win32
		{AF241B93-FECA-1BAD-6244-8A03B106215D}.Release|x64.ActiveCfg = Release|x64
		{AF241B93-FECA-1BAD-6244-8A03B106215D}.Release|x64.Build.0 = Release|x64
		{AF204C9C-FECA-1BAD-6244-8A03B106215D}.Debug|Win32.ActiveCfg = Debug|Win32
		{AF204C9C-FECA-1BAD-6244-8A03B106215D}.Debug|Win32.Build.0 = Debug|Win32
		{AF204C9C-FECA-1BAD-6244-8A03B106215D}.Debug|x64.ActiveCfg = Debug|x64
		{AF204C9C-FECA-1BAD-6244-8A03B106215D}.Debug|x64.Build.0 = Debug|x64
		{AF204C9C-FECA-1BAD-6244-8A03B106215D}.Release|Win32.ActiveCfg = Release|Win32
		{AF204C9C-FECA-1BAD-6244-8A03B106215D}.Release|Win32.Build.0 = Release|Win32
		{AF204C9C-FECA-1BAD-6244-8A03B106215D}.Release|x64.ActiveCfg = Release|x64
		{AF204C9C-FECA-1BAD-6244-8A03B106215D}.Release|x64.Build.0 = Release|x64
		{50560BBD-FECA-1BAD-2431-8A1106273A82}.Debug|Win32.ActiveCfg = Debug|Win32
		{50560BBD-FECA-1BAD-2431-8A1106273A82}.Debug|Win32.Build.0 = Debug|Win32
		{50560BBD-FECA-1BAD-2431-8A1106273A82}.Debug|x64.ActiveCfg = Debug|x64
		{50560BBD-FECA-1BAD-2431-8A1106273A82}.Debug|x64.Build.0 = Debug|x64
		{50560BBD-FECA-1BAD-2431-8A1106273A82}.Release|Win32.ActiveCfg = Release|Win32
		{50560BBD-FECA-1BAD-2431-8A1106273A82}.Release|Win32.Build.0 = Release|Win32
		{50560BBD-FECA-1BAD-2431-8A1106273A82}.Release|x64.ActiveCfg = Release|x64
		{50560BBD-FECA-1BAD-2431-8A1106273A82}.Release|x64.Build.0 = Release|x64
		{50566CFF-FECA-1BAD-2431-8A1106273A82}.Debug|Win32.ActiveCfg = Debug|Win32
		{50566CFF-FECA-1BAD-2431-8A1106273A82}.Debug|Win32.Build.0 = Debug|Win32
		{50566CFF-FECA-1BAD-2431-8A1106273A82}.Debug|x64.ActiveCfg = Debug|x64
		{50566CFF-FECA-1BAD-2431-8A1106273A82}.Debug|x64.Build.0 = Debug|x64
		{50566CFF-FECA-1BAD-2431-8A1106273A82}.Release|Win32.ActiveCfg = Release|Win32
		{50566CFF-FECA-1BAD-2431-8A1106273A82}.Release|Win32.Build.0 = Release|Win32
		{50566CFF-FECA-1BAD-2431-8A1106273A82}.Release|x64.ActiveCfg = Release|x64
		{50566CFF-FECA-1BAD-2431-8A1106273A82}.Release|x64.Build.0 = Release|x64
		{505608EC-FECA-1BAD-2431-8A1106273A82}.Debug|Win32.ActiveCfg = Debug|Win32
		{505608EC-FECA-1BAD-2431-8A1106273A82}.Debug|Win32.Build.0 = Debug|Win32
		{505608EC-FECA-1BAD-2431-8A1106273A82}.Debug|x64.ActiveCfg = Debug|x64
		{505608EC-FECA-1BAD-2431-8A1106273A82}.Debug|x64.Build.0 = Debug|x64
		{505608EC-FECA-1BAD-2431-8A1106273A82}.Release|Win32.ActiveCfg = Release|Win32
		{505608EC-FECA-1BAD-2431-8A1106273A82}.Release|Win32.Build.0 = Release|Win32
		{505608EC-FECA-1BAD-2431-8A1106273A82}.Release|x64.ActiveCfg = Release|x64
		{505608EC-FECA-1BAD-2431-8A1106273A82}.Release|x64.Build.0 = Release|x64
		{3C230A65-FECA-1BAD-2431-8A1106273A82}.Debug|Win32.ActiveCfg = Debug|Win32
		{3C230A65-FECA-1BAD-2431-8A1106273A82}.Debug|Win32.Build.0 = Debug|Win32
		{3C230A65-FECA-1BAD-2431-8A1106273A82}.Debug|x64.ActiveCfg = Debug|x64
		{3C230A65-FECA-1BAD-2431-8A1106273A82}.Debug|x64.Build.0 = Debug|x64
		{3C230A65-FECA-1BAD-2431-8A1106273A82}.Release|Win32.ActiveCfg = Release|Win32
		{3C230A65-FECA-1BAD-2431-8A1106273A82}.Release|Win32.Build.0 = Release|Win32
		{3C230A65-FECA-1BAD-2431-8A1106273A82}.Release|x64.ActiveCfg = Release|x64
		{3C230A65-FECA-1BAD-2431-8A1106273A82}.Release|x64.Build.0 = Release|x64
		{50566CF5-FECA-1BAD-2431-8A1106273A82}.Debug|Win32.ActiveCfg = Debug|Win32
		{50566CF5-FECA-1BAD-2431-8A1106273A82}.Debug|Win32.Build.0 = Debug|Win32
		{50566CF5-FECA-1BAD-2431-8A1106273A82}.Debug|x64.ActiveCfg = Debug|x64
		{50566CF5-FECA-1BAD-2431-8A1106273A82}.Debug|x64.Build.0 = Debug|x64
		{50566CF5-FECA-1BAD-2431-8A1106273A82}.Release|Win32.ActiveCfg = Release|Win32
		{50566CF5-FECA-1BAD-2431-8A1106273A82}.Release|Win32.Build.0 = Release|Win32
		{50566CF5-FECA-1BAD-2431-8A1106273A82}.Release|x64.ActiveCfg = Release|x64
		{50566CF5-FECA-1BAD-2431-8A1106273A82}.Release|x64.Build.0 = Release|x64
		{50566A7F-FECA-1BAD-2431-8A1106273A82}.Debug|Win32.ActiveCfg = Debug|Win32
		{50566A7F-FECA-1BAD-2431-8A1106273A82}.Debug|Win32.Build.0 = Debug|Win32
		{50566A7F-FECA-1BAD-2431-8A1106273A82}.Debug|x64.ActiveCfg = Debug|x64
		{50566A7F-FECA-1BAD-2431-8A1106273A82}.Debug|x64.Build.0 = Debug|x64
		{50566A7F-FECA-1BAD-2431-8A1106273A82}.Release|Win32.ActiveCfg = Release|Win32
		{50566A7F-FECA-1BAD-2431-8A1106273A82}.Release|Win32.Build.0 = Release|Win32
		{50566A7F-FECA-1BAD-2431-8A1106273A82}.Release|x64.ActiveCfg = Release|x64
		{50566A7F-FECA-1BAD-2431-8A1106273A82}.Release|x64.Build.0 = Release|x64
		{50566CEC-FECA-1BAD-2431-8A1106273A82}.Debug|Win32.ActiveCfg = Debug|Win32
		{50566CEC-FECA-1BAD-2431-8A1106273A82}.Debug|Win32.Build.0 = Debug|Win32
		{50566CEC-FECA-1BAD-2431-8A1106273A82}.Debug|x64.ActiveCfg = Debug|x64
		{50566CEC-FECA-1BAD-2431-8A1106273A82}.Debug|x64.Build.0 = Debug|x64
		{50566CEC-FECA-1BAD-2431-8A1106273A82}.Release|Win32.ActiveCfg = Release|Win32
		{50566CEC-FECA-1BAD-2431-8A1106273A82}.Release|Win32.Build.0 = Release|Win32
		{50566CEC-FECA-1BAD-2431-8A1106273A82}.Release|x64.ActiveCfg = Release|x64
		{50566CEC-FECA-1BAD-2431-8A1106273A82}.Release|x64.Build.0 = Release|x64
		{50561BD9-FECA-1BAD-2431-8A1106273A82}.Debug|Win32.ActiveCfg = Debug|Win32
		{50561BD9-FECA-1BAD-2431-8A1106273A82}.Debug|Win32.Build.0 = Debug|Win32
		{50561BD9-FECA-1BAD-2431-8A1106273A82}.Debug|x64.ActiveCfg = Debug|x64
		{50561BD9-FECA-1BAD-2431-8A1106273A82}.Debug|x64.Build.0 = Debug|x64
		{50561BD9-FECA-1BAD-2431-8A1106273A82}.Release|Win32.ActiveCfg = Release|Win32
		{50561BD9-FECA-1BAD-2431-8A1106273A82}.Release|Win32.Build.0 = Release|Win32
		{50561BD9-FECA-1BAD-2431-8A1106273A82}.Release|x64.ActiveCfg = Release|x64
		{50561BD9-FECA-1BAD-2431-8A1106273A82}.Release|x64.Build.0 = Release|x64
		{50561EE3-FECA-1BAD-2431-8A1106273A82}.Debug|Win32.ActiveCfg = Debug|Win32
		{50561EE3-FECA-1BAD-2431-8A1106273A82}.Debug|Win32.Build.0 = Debug|Win32
		{50561EE3-FECA-1BAD-2431-8A1106273A82}.Debug|x64.ActiveCfg = Debug|x64
		{50561EE3-FECA-1BAD-2431-8A1106273A82}.Debug|x64.Build.0 = Debug|x64
		{50561EE3-FECA-1BAD-2431-8A1106273A82}.Release|Win32.ActiveCfg = Release|Win32
		{50561EE3-FECA-1BAD-2431-8A1106273A82}.Release|Win32.Build.0 = Release|Win32
		{50561EE3-FECA-1BAD-2431-8A1106273A82}.Release|x64.ActiveCfg = Release|x64
		{50561EE3-FECA-1BAD-2431-8A1106273A82}.Release|x64.Build.0 = Release|x64
		{50566CE8-FECA-1BAD-2431-8A1106273A82}.Debug|Win32.ActiveCfg = Debug|Win32
		{50566CE8-FECA-1BAD-2431-8A1106273A82}.Debug|Win32.Build.0 = Debug|Win32
		{50566CE8-FECA-1BAD-2431-8A1106273A82}.Debug|x64.ActiveCfg = Debug|x64
		{50566CE8-FECA-1BAD-2431-8A1106273A82}.Debug|x64.Build.0 = Debug|x64
		{50566CE8-FECA-1BAD-2431-8A1106273A82}.Release|Win32.ActiveCfg = Release|Win32
		{50566CE8-FECA-1BAD-2431-8A1106273A82}.Release|Win32.Build.0 = Release|Win32
		{50566CE8-FECA-1BAD-2431-8A1106273A82}.Release|x64.ActiveCfg = Release|x64
		{50566CE8-FECA-1BAD-2431-8A1106273A82}.Release|x64.Build.0 = Release|x64
		{EA10B1DE-FECA-1BAD-314B-5E2707069437}.Debug|Win32.ActiveCfg = Debug|Win32
		{EA10B1DE-FECA-1BAD-314B-5E2707069437}.Debug|Win32.Build.0 = Debug|Win32
		{EA10B1DE-FECA-1BAD-314B-5E2707069437}.Debug|x64.ActiveCfg = Debug|x64
		{EA10B1DE-FECA-1BAD-314B-5E2707069437}.Debug|x64.Build.0 = Debug|x64
		{EA10B1DE-FECA-1BAD-314B-5E2707069437}.Release|Win32.ActiveCfg = Release|Win32
		{EA10B1DE-FECA-1BAD-314B-5E2707069437}.Release|Win32.Build.0 = Release|Win32
		{EA10B1DE-FECA-1BAD-314B-5E2707069437}.Release|x64.ActiveCfg = Release|x64
		{EA10B1DE-FECA-1BAD-314B-5E2707069437}.Release|x64.Build.0 = Release|x64
		{9A31091E-FECA-1BAD-3350-D220B5771905}.Debug|Win32.ActiveCfg = Debug|Win32
		{9A31091E-FECA-1BAD-3350-D220B5771905}.Debug|Win32.Build.0 = Debug|Win32
		{9A31091E-FECA-1BAD-3350-D220B5771905}.Debug|x64.ActiveCfg = Debug|x64
		{9A31091E-FECA-1BAD-3350-D220B5771905}.Debug|x64.Build.0 = Debug|x64
		{9A31091E-FECA-1BAD-3350-D220B5771905}.Release|Win32.ActiveCfg = Release|Win32
		{9A31091E-FECA-1BAD-3350-D220B5771905}.Release|Win32.Build.0 = Release|Win32
		{9A31091E-FECA-1BAD-3350-D220B5771905}.Release|x64.ActiveCfg = Release|x64
		{9A31091E-FECA-1BAD-3350-D220B5771905}.Release|x64.Build.0 = Release|x64
	EndGlobalSection
	GlobalSection(SolutionProperties) = preSolution
		HideSolutionNode = FALSE
	EndGlobalSection
EndGlobal
