
Microsoft Visual Studio Solution File, Format Version 9.00
# Visual Studio 2005
# $Id: VC8WorkspaceCreator.pm 1456 2008-07-18 16:05:54Z elliott_c $
#
# This file was generated by MPC.  Any changes made directly to
# this file will be lost the next time it is generated.
#
# MPC Command:
# /export/anduriltmp/bczar/DOC_ROOT/stage-17314/ACE_wrappers/bin/mwc.pl -type vc8 -static -name_modifier "*_vc8_Static" -apply_project -exclude TAO/CIAO -recurse -hierarchy -relative ACE_ROOT=/export/anduriltmp/bczar/DOC_ROOT/stage-17314/ACE_wrappers -relative TAO_ROOT=/export/anduriltmp/bczar/DOC_ROOT/stage-17314/ACE_wrappers/TAO -relative CIAO_ROOT=/export/anduriltmp/bczar/DOC_ROOT/stage-17314/ACE_wrappers/TAO/CIAO -relative DANCE_ROOT=/export/anduriltmp/bczar/DOC_ROOT/stage-17314/ACE_wrappers/TAO/CIAO/DAnCE
Project("{8BC9CEB8-8B4A-11D0-8D11-00A0C91BC942}") = "ACE_vc8_Static", "ace\ACE_vc8_Static.vcproj", "{14E52235-FECA-1BAD-6757-8A6348ED3508}"
EndProject
Project("{8BC9CEB8-8B4A-11D0-8D11-00A0C91BC942}") = "ACE_gperf_vc8_Static", "apps\gperf\src\ACE_gperf_vc8_Static.vcproj", "{84C25445-FECA-1BAD-6244-8A03B106215D}"
	ProjectSection(ProjectDependencies) = postProject
		{14E52235-FECA-1BAD-6757-8A6348ED3508} = {14E52235-FECA-1BAD-6757-8A6348ED3508}
	EndProjectSection
EndProject
Project("{8BC9CEB8-8B4A-11D0-8D11-00A0C91BC942}") = "gperf_vc8_Static", "apps\gperf\src\gperf_vc8_Static.vcproj", "{74C21135-FECA-1BAD-6244-8A03B106215D}"
	ProjectSection(ProjectDependencies) = postProject
		{14E52235-FECA-1BAD-6757-8A6348ED3508} = {14E52235-FECA-1BAD-6757-8A6348ED3508}
		{84C25445-FECA-1BAD-6244-8A03B106215D} = {84C25445-FECA-1BAD-6244-8A03B106215D}
	EndProjectSection
EndProject
Global
	GlobalSection(SolutionConfigurationPlatforms) = preSolution
		Debug|Win32 = Debug|Win32
		Debug|x64 = Debug|x64
		Release|Win32 = Release|Win32
		Release|x64 = Release|x64
	EndGlobalSection
	GlobalSection(ProjectConfigurationPlatforms) = postSolution
		{14E52235-FECA-1BAD-6757-8A6348ED3508}.Debug|Win32.ActiveCfg = Debug|Win32
		{14E52235-FECA-1BAD-6757-8A6348ED3508}.Debug|Win32.Build.0 = Debug|Win32
		{14E52235-FECA-1BAD-6757-8A6348ED3508}.Debug|x64.ActiveCfg = Debug|x64
		{14E52235-FECA-1BAD-6757-8A6348ED3508}.Debug|x64.Build.0 = Debug|x64
		{14E52235-FECA-1BAD-6757-8A6348ED3508}.Release|Win32.ActiveCfg = Release|Win32
		{14E52235-FECA-1BAD-6757-8A6348ED3508}.Release|Win32.Build.0 = Release|Win32
		{14E52235-FECA-1BAD-6757-8A6348ED3508}.Release|x64.ActiveCfg = Release|x64
		{14E52235-FECA-1BAD-6757-8A6348ED3508}.Release|x64.Build.0 = Release|x64
		{84C25445-FECA-1BAD-6244-8A03B106215D}.Debug|Win32.ActiveCfg = Debug|Win32
		{84C25445-FECA-1BAD-6244-8A03B106215D}.Debug|Win32.Build.0 = Debug|Win32
		{84C25445-FECA-1BAD-6244-8A03B106215D}.Debug|x64.ActiveCfg = Debug|x64
		{84C25445-FECA-1BAD-6244-8A03B106215D}.Debug|x64.Build.0 = Debug|x64
		{84C25445-FECA-1BAD-6244-8A03B106215D}.Release|Win32.ActiveCfg = Release|Win32
		{84C25445-FECA-1BAD-6244-8A03B106215D}.Release|Win32.Build.0 = Release|Win32
		{84C25445-FECA-1BAD-6244-8A03B106215D}.Release|x64.ActiveCfg = Release|x64
		{84C25445-FECA-1BAD-6244-8A03B106215D}.Release|x64.Build.0 = Release|x64
		{74C21135-FECA-1BAD-6244-8A03B106215D}.Debug|Win32.ActiveCfg = Debug|Win32
		{74C21135-FECA-1BAD-6244-8A03B106215D}.Debug|Win32.Build.0 = Debug|Win32
		{74C21135-FECA-1BAD-6244-8A03B106215D}.Debug|x64.ActiveCfg = Debug|x64
		{74C21135-FECA-1BAD-6244-8A03B106215D}.Debug|x64.Build.0 = Debug|x64
		{74C21135-FECA-1BAD-6244-8A03B106215D}.Release|Win32.ActiveCfg = Release|Win32
		{74C21135-FECA-1BAD-6244-8A03B106215D}.Release|Win32.Build.0 = Release|Win32
		{74C21135-FECA-1BAD-6244-8A03B106215D}.Release|x64.ActiveCfg = Release|x64
		{74C21135-FECA-1BAD-6244-8A03B106215D}.Release|x64.Build.0 = Release|x64
	EndGlobalSection
	GlobalSection(SolutionProperties) = preSolution
		HideSolutionNode = FALSE
	EndGlobalSection
EndGlobal
